
Microsoft Visual Studio Solution File, Format Version 12.00
# Visual Studio Version 16
VisualStudioVersion = 16.0.29326.143
MinimumVisualStudioVersion = 10.0.40219.1
Project("{9A19103F-16F7-4668-BE54-9A1E7A4F7556}") = "Calendar.Core", "Calendar.Core\Calendar.Core.csproj", "{9BA3B6E2-B297-452F-8A46-557CFAEAB7EA}"
EndProject
Project("{2150E333-8FDC-42A3-9474-1A3956D46DE8}") = "Communication", "Communication", "{DDD54A6C-58E6-4DDA-A54D-59FDFD072E2E}"
EndProject
Project("{2150E333-8FDC-42A3-9474-1A3956D46DE8}") = "AuthorizationService", "AuthorizationService", "{E28D9505-8AAE-4E84-80AA-8F1FC7A5D737}"
EndProject
Project("{9A19103F-16F7-4668-BE54-9A1E7A4F7556}") = "Authorization.Core", "Authorization.Core\Authorization.Core.csproj", "{1178EAB6-3F31-48AE-A927-897BA5A3DB94}"
EndProject
Project("{9A19103F-16F7-4668-BE54-9A1E7A4F7556}") = "Authorization.Domain", "Authorization.Domain\Authorization.Domain.csproj", "{C675A9C0-09CA-42DF-B95E-63B6DDCA6187}"
EndProject
Project("{2150E333-8FDC-42A3-9474-1A3956D46DE8}") = "RegionalizationService", "RegionalizationService", "{7262D409-2A27-4448-8559-D762959546C4}"
EndProject
Project("{9A19103F-16F7-4668-BE54-9A1E7A4F7556}") = "Regionalization.Core", "Regionalization.Core\Regionalization.Core.csproj", "{22D51464-2895-4CB9-8721-2B2404FC1A9F}"
EndProject
Project("{9A19103F-16F7-4668-BE54-9A1E7A4F7556}") = "Regionalization.UK", "Regionalization.UK\Regionalization.UK.csproj", "{E31CCF27-1C42-4864-989A-719AD4B770D8}"
EndProject
Project("{9A19103F-16F7-4668-BE54-9A1E7A4F7556}") = "Regionalization.PL", "Regionalization.PL\Regionalization.PL.csproj", "{D6D19F4E-D7FA-4D86-8D3A-6CFED033CD14}"
EndProject
Project("{2150E333-8FDC-42A3-9474-1A3956D46DE8}") = "CalendarService", "CalendarService", "{C82E4740-C14B-43AA-90C8-983143CDA469}"
EndProject
Project("{9A19103F-16F7-4668-BE54-9A1E7A4F7556}") = "Calendar.Domain", "Calendar.Domain\Calendar.Domain.csproj", "{8E1381C3-5DF3-492E-A5F1-76DB7B4CAA9B}"
EndProject
Project("{2150E333-8FDC-42A3-9474-1A3956D46DE8}") = "SessionService", "SessionService", "{1ED6710C-EFF1-4037-93F9-A85EF6D63A94}"
EndProject
Project("{9A19103F-16F7-4668-BE54-9A1E7A4F7556}") = "Session.Core", "Session.Core\Session.Core.csproj", "{FC99B930-7304-422F-A292-67538782EDDC}"
EndProject
Project("{9A19103F-16F7-4668-BE54-9A1E7A4F7556}") = "Session.Domain", "Session.Domain\Session.Domain.csproj", "{063D1C0C-2262-46F2-984A-2AB32ECBF0A8}"
EndProject
Project("{2150E333-8FDC-42A3-9474-1A3956D46DE8}") = "NotificationsService", "NotificationsService", "{D3DCC076-D828-4FC6-AEA7-DC0667E2F5E1}"
EndProject
Project("{9A19103F-16F7-4668-BE54-9A1E7A4F7556}") = "Notifications.Core", "Notifications.Core\Notifications.Core.csproj", "{60E98D64-BE38-4E39-AC98-BDB760380409}"
EndProject
Project("{9A19103F-16F7-4668-BE54-9A1E7A4F7556}") = "Notifications.Domain", "Notifications.Domain\Notifications.Domain.csproj", "{9F88A9ED-DF03-4C03-A205-26AD644B5518}"
EndProject
Project("{9A19103F-16F7-4668-BE54-9A1E7A4F7556}") = "Communication.Core", "Communication.Core\Communication.Core.csproj", "{19C01503-4827-416E-A58E-7C0094AB0B34}"
EndProject
Project("{9A19103F-16F7-4668-BE54-9A1E7A4F7556}") = "Communication.Domain", "Communication.Domain\Communication.Domain.csproj", "{46AC72C8-56B2-42F4-A124-2E2E8E881B3C}"
EndProject
Project("{9A19103F-16F7-4668-BE54-9A1E7A4F7556}") = "Integration.Tests", "Communication.Domain.Tests\Integration.Tests.csproj", "{CF9B9C37-7C4C-4619-B37D-4855C38FDDA6}"
EndProject
Project("{9A19103F-16F7-4668-BE54-9A1E7A4F7556}") = "Communication.Infrastructure.Sample", "Communication.Sample.Infrastructure\Communication.Infrastructure.Sample.csproj", "{EE9A577F-EE3C-417F-AC70-2B1B789B8470}"
EndProject
Project("{2150E333-8FDC-42A3-9474-1A3956D46DE8}") = "AuthenticationService", "AuthenticationService", "{77293A2E-B92F-4CF8-968E-5E9D103025B6}"
EndProject
Project("{9A19103F-16F7-4668-BE54-9A1E7A4F7556}") = "Authentication.Core", "Authentication.Core\Authentication.Core.csproj", "{4312510F-F721-4453-BFF1-35C45DFB9CFC}"
EndProject
Project("{9A19103F-16F7-4668-BE54-9A1E7A4F7556}") = "Authentication.Domain", "Authentication.Domain\Authentication.Domain.csproj", "{A4B91D6D-711F-4937-82C0-219E661ED7BF}"
EndProject
Project("{9A19103F-16F7-4668-BE54-9A1E7A4F7556}") = "Calendar.Tests", "Calendar.Tests\Calendar.Tests.csproj", "{49D11C34-D81B-4B99-BD6E-E6FEFDF4762B}"
EndProject
Project("{2150E333-8FDC-42A3-9474-1A3956D46DE8}") = "Integration", "Integration", "{5F745481-E694-44F0-AF51-5B6AE12D3C10}"
EndProject
Global
	GlobalSection(SolutionConfigurationPlatforms) = preSolution
		Debug|Any CPU = Debug|Any CPU
		Release|Any CPU = Release|Any CPU
	EndGlobalSection
	GlobalSection(ProjectConfigurationPlatforms) = postSolution
		{9BA3B6E2-B297-452F-8A46-557CFAEAB7EA}.Debug|Any CPU.ActiveCfg = Debug|Any CPU
		{9BA3B6E2-B297-452F-8A46-557CFAEAB7EA}.Debug|Any CPU.Build.0 = Debug|Any CPU
		{9BA3B6E2-B297-452F-8A46-557CFAEAB7EA}.Release|Any CPU.ActiveCfg = Release|Any CPU
		{9BA3B6E2-B297-452F-8A46-557CFAEAB7EA}.Release|Any CPU.Build.0 = Release|Any CPU
		{1178EAB6-3F31-48AE-A927-897BA5A3DB94}.Debug|Any CPU.ActiveCfg = Debug|Any CPU
		{1178EAB6-3F31-48AE-A927-897BA5A3DB94}.Debug|Any CPU.Build.0 = Debug|Any CPU
		{1178EAB6-3F31-48AE-A927-897BA5A3DB94}.Release|Any CPU.ActiveCfg = Release|Any CPU
		{1178EAB6-3F31-48AE-A927-897BA5A3DB94}.Release|Any CPU.Build.0 = Release|Any CPU
		{C675A9C0-09CA-42DF-B95E-63B6DDCA6187}.Debug|Any CPU.ActiveCfg = Debug|Any CPU
		{C675A9C0-09CA-42DF-B95E-63B6DDCA6187}.Debug|Any CPU.Build.0 = Debug|Any CPU
		{C675A9C0-09CA-42DF-B95E-63B6DDCA6187}.Release|Any CPU.ActiveCfg = Release|Any CPU
		{C675A9C0-09CA-42DF-B95E-63B6DDCA6187}.Release|Any CPU.Build.0 = Release|Any CPU
		{22D51464-2895-4CB9-8721-2B2404FC1A9F}.Debug|Any CPU.ActiveCfg = Debug|Any CPU
		{22D51464-2895-4CB9-8721-2B2404FC1A9F}.Debug|Any CPU.Build.0 = Debug|Any CPU
		{22D51464-2895-4CB9-8721-2B2404FC1A9F}.Release|Any CPU.ActiveCfg = Release|Any CPU
		{22D51464-2895-4CB9-8721-2B2404FC1A9F}.Release|Any CPU.Build.0 = Release|Any CPU
		{E31CCF27-1C42-4864-989A-719AD4B770D8}.Debug|Any CPU.ActiveCfg = Debug|Any CPU
		{E31CCF27-1C42-4864-989A-719AD4B770D8}.Debug|Any CPU.Build.0 = Debug|Any CPU
		{E31CCF27-1C42-4864-989A-719AD4B770D8}.Release|Any CPU.ActiveCfg = Release|Any CPU
		{E31CCF27-1C42-4864-989A-719AD4B770D8}.Release|Any CPU.Build.0 = Release|Any CPU
		{D6D19F4E-D7FA-4D86-8D3A-6CFED033CD14}.Debug|Any CPU.ActiveCfg = Debug|Any CPU
		{D6D19F4E-D7FA-4D86-8D3A-6CFED033CD14}.Debug|Any CPU.Build.0 = Debug|Any CPU
		{D6D19F4E-D7FA-4D86-8D3A-6CFED033CD14}.Release|Any CPU.ActiveCfg = Release|Any CPU
		{D6D19F4E-D7FA-4D86-8D3A-6CFED033CD14}.Release|Any CPU.Build.0 = Release|Any CPU
		{8E1381C3-5DF3-492E-A5F1-76DB7B4CAA9B}.Debug|Any CPU.ActiveCfg = Debug|Any CPU
		{8E1381C3-5DF3-492E-A5F1-76DB7B4CAA9B}.Debug|Any CPU.Build.0 = Debug|Any CPU
		{8E1381C3-5DF3-492E-A5F1-76DB7B4CAA9B}.Release|Any CPU.ActiveCfg = Release|Any CPU
		{8E1381C3-5DF3-492E-A5F1-76DB7B4CAA9B}.Release|Any CPU.Build.0 = Release|Any CPU
		{FC99B930-7304-422F-A292-67538782EDDC}.Debug|Any CPU.ActiveCfg = Debug|Any CPU
		{FC99B930-7304-422F-A292-67538782EDDC}.Debug|Any CPU.Build.0 = Debug|Any CPU
		{FC99B930-7304-422F-A292-67538782EDDC}.Release|Any CPU.ActiveCfg = Release|Any CPU
		{FC99B930-7304-422F-A292-67538782EDDC}.Release|Any CPU.Build.0 = Release|Any CPU
		{063D1C0C-2262-46F2-984A-2AB32ECBF0A8}.Debug|Any CPU.ActiveCfg = Debug|Any CPU
		{063D1C0C-2262-46F2-984A-2AB32ECBF0A8}.Debug|Any CPU.Build.0 = Debug|Any CPU
		{063D1C0C-2262-46F2-984A-2AB32ECBF0A8}.Release|Any CPU.ActiveCfg = Release|Any CPU
		{063D1C0C-2262-46F2-984A-2AB32ECBF0A8}.Release|Any CPU.Build.0 = Release|Any CPU
		{60E98D64-BE38-4E39-AC98-BDB760380409}.Debug|Any CPU.ActiveCfg = Debug|Any CPU
		{60E98D64-BE38-4E39-AC98-BDB760380409}.Debug|Any CPU.Build.0 = Debug|Any CPU
		{60E98D64-BE38-4E39-AC98-BDB760380409}.Release|Any CPU.ActiveCfg = Release|Any CPU
		{60E98D64-BE38-4E39-AC98-BDB760380409}.Release|Any CPU.Build.0 = Release|Any CPU
		{9F88A9ED-DF03-4C03-A205-26AD644B5518}.Debug|Any CPU.ActiveCfg = Debug|Any CPU
		{9F88A9ED-DF03-4C03-A205-26AD644B5518}.Debug|Any CPU.Build.0 = Debug|Any CPU
		{9F88A9ED-DF03-4C03-A205-26AD644B5518}.Release|Any CPU.ActiveCfg = Release|Any CPU
		{9F88A9ED-DF03-4C03-A205-26AD644B5518}.Release|Any CPU.Build.0 = Release|Any CPU
		{19C01503-4827-416E-A58E-7C0094AB0B34}.Debug|Any CPU.ActiveCfg = Debug|Any CPU
		{19C01503-4827-416E-A58E-7C0094AB0B34}.Debug|Any CPU.Build.0 = Debug|Any CPU
		{19C01503-4827-416E-A58E-7C0094AB0B34}.Release|Any CPU.ActiveCfg = Release|Any CPU
		{19C01503-4827-416E-A58E-7C0094AB0B34}.Release|Any CPU.Build.0 = Release|Any CPU
		{46AC72C8-56B2-42F4-A124-2E2E8E881B3C}.Debug|Any CPU.ActiveCfg = Debug|Any CPU
		{46AC72C8-56B2-42F4-A124-2E2E8E881B3C}.Debug|Any CPU.Build.0 = Debug|Any CPU
		{46AC72C8-56B2-42F4-A124-2E2E8E881B3C}.Release|Any CPU.ActiveCfg = Release|Any CPU
		{46AC72C8-56B2-42F4-A124-2E2E8E881B3C}.Release|Any CPU.Build.0 = Release|Any CPU
		{CF9B9C37-7C4C-4619-B37D-4855C38FDDA6}.Debug|Any CPU.ActiveCfg = Debug|Any CPU
		{CF9B9C37-7C4C-4619-B37D-4855C38FDDA6}.Debug|Any CPU.Build.0 = Debug|Any CPU
		{CF9B9C37-7C4C-4619-B37D-4855C38FDDA6}.Release|Any CPU.ActiveCfg = Release|Any CPU
		{CF9B9C37-7C4C-4619-B37D-4855C38FDDA6}.Release|Any CPU.Build.0 = Release|Any CPU
		{EE9A577F-EE3C-417F-AC70-2B1B789B8470}.Debug|Any CPU.ActiveCfg = Debug|Any CPU
		{EE9A577F-EE3C-417F-AC70-2B1B789B8470}.Debug|Any CPU.Build.0 = Debug|Any CPU
		{EE9A577F-EE3C-417F-AC70-2B1B789B8470}.Release|Any CPU.ActiveCfg = Release|Any CPU
		{EE9A577F-EE3C-417F-AC70-2B1B789B8470}.Release|Any CPU.Build.0 = Release|Any CPU
		{4312510F-F721-4453-BFF1-35C45DFB9CFC}.Debug|Any CPU.ActiveCfg = Debug|Any CPU
		{4312510F-F721-4453-BFF1-35C45DFB9CFC}.Debug|Any CPU.Build.0 = Debug|Any CPU
		{4312510F-F721-4453-BFF1-35C45DFB9CFC}.Release|Any CPU.ActiveCfg = Release|Any CPU
		{4312510F-F721-4453-BFF1-35C45DFB9CFC}.Release|Any CPU.Build.0 = Release|Any CPU
		{A4B91D6D-711F-4937-82C0-219E661ED7BF}.Debug|Any CPU.ActiveCfg = Debug|Any CPU
		{A4B91D6D-711F-4937-82C0-219E661ED7BF}.Debug|Any CPU.Build.0 = Debug|Any CPU
		{A4B91D6D-711F-4937-82C0-219E661ED7BF}.Release|Any CPU.ActiveCfg = Release|Any CPU
		{A4B91D6D-711F-4937-82C0-219E661ED7BF}.Release|Any CPU.Build.0 = Release|Any CPU
		{49D11C34-D81B-4B99-BD6E-E6FEFDF4762B}.Debug|Any CPU.ActiveCfg = Debug|Any CPU
		{49D11C34-D81B-4B99-BD6E-E6FEFDF4762B}.Debug|Any CPU.Build.0 = Debug|Any CPU
		{49D11C34-D81B-4B99-BD6E-E6FEFDF4762B}.Release|Any CPU.ActiveCfg = Release|Any CPU
		{49D11C34-D81B-4B99-BD6E-E6FEFDF4762B}.Release|Any CPU.Build.0 = Release|Any CPU
	EndGlobalSection
	GlobalSection(SolutionProperties) = preSolution
		HideSolutionNode = FALSE
	EndGlobalSection
	GlobalSection(NestedProjects) = preSolution
		{9BA3B6E2-B297-452F-8A46-557CFAEAB7EA} = {C82E4740-C14B-43AA-90C8-983143CDA469}
		{1178EAB6-3F31-48AE-A927-897BA5A3DB94} = {E28D9505-8AAE-4E84-80AA-8F1FC7A5D737}
		{C675A9C0-09CA-42DF-B95E-63B6DDCA6187} = {E28D9505-8AAE-4E84-80AA-8F1FC7A5D737}
		{22D51464-2895-4CB9-8721-2B2404FC1A9F} = {7262D409-2A27-4448-8559-D762959546C4}
		{E31CCF27-1C42-4864-989A-719AD4B770D8} = {7262D409-2A27-4448-8559-D762959546C4}
		{D6D19F4E-D7FA-4D86-8D3A-6CFED033CD14} = {7262D409-2A27-4448-8559-D762959546C4}
		{8E1381C3-5DF3-492E-A5F1-76DB7B4CAA9B} = {C82E4740-C14B-43AA-90C8-983143CDA469}
		{FC99B930-7304-422F-A292-67538782EDDC} = {1ED6710C-EFF1-4037-93F9-A85EF6D63A94}
		{063D1C0C-2262-46F2-984A-2AB32ECBF0A8} = {1ED6710C-EFF1-4037-93F9-A85EF6D63A94}
		{60E98D64-BE38-4E39-AC98-BDB760380409} = {D3DCC076-D828-4FC6-AEA7-DC0667E2F5E1}
		{9F88A9ED-DF03-4C03-A205-26AD644B5518} = {D3DCC076-D828-4FC6-AEA7-DC0667E2F5E1}
		{19C01503-4827-416E-A58E-7C0094AB0B34} = {DDD54A6C-58E6-4DDA-A54D-59FDFD072E2E}
		{46AC72C8-56B2-42F4-A124-2E2E8E881B3C} = {DDD54A6C-58E6-4DDA-A54D-59FDFD072E2E}
		{CF9B9C37-7C4C-4619-B37D-4855C38FDDA6} = {5F745481-E694-44F0-AF51-5B6AE12D3C10}
		{EE9A577F-EE3C-417F-AC70-2B1B789B8470} = {DDD54A6C-58E6-4DDA-A54D-59FDFD072E2E}
		{4312510F-F721-4453-BFF1-35C45DFB9CFC} = {77293A2E-B92F-4CF8-968E-5E9D103025B6}
		{A4B91D6D-711F-4937-82C0-219E661ED7BF} = {77293A2E-B92F-4CF8-968E-5E9D103025B6}
		{49D11C34-D81B-4B99-BD6E-E6FEFDF4762B} = {C82E4740-C14B-43AA-90C8-983143CDA469}
	EndGlobalSection
	GlobalSection(ExtensibilityGlobals) = postSolution
		SolutionGuid = {30C2E832-3356-43D6-B5E8-8A26F11B8106}
	EndGlobalSection
EndGlobal
